
Microsoft Visual Studio Solution File, Format Version 12.00
# Visual Studio Version 17
VisualStudioVersion = 17.1.32407.343
MinimumVisualStudioVersion = 10.0.40219.1
Project("{9A19103F-16F7-4668-BE54-9A1E7A4F7556}") = "UserService", "UserService\UserService.csproj", "{83D6D57E-EE85-4E54-8B83-05244D3384A9}"
EndProject
Project("{9A19103F-16F7-4668-BE54-9A1E7A4F7556}") = "FoodService", "FoodService\FoodService.csproj", "{198B6AD2-7B45-4866-82BE-696BB66BEE98}"
EndProject
Project("{9A19103F-16F7-4668-BE54-9A1E7A4F7556}") = "OrderService", "OrderService\OrderService.csproj", "{3E69D047-F4EA-4844-ADA0-FF14EBEA6E81}"
EndProject
Project("{9A19103F-16F7-4668-BE54-9A1E7A4F7556}") = "Library", "Library\Library.csproj", "{151AFA28-3069-4260-B0B3-89A9BCE10DE3}"
EndProject
Project("{9A19103F-16F7-4668-BE54-9A1E7A4F7556}") = "CourierService", "CourierService\CourierService.csproj", "{9A7814B7-8BA9-4D7E-BA2C-9F07E3C3E4E0}"
EndProject
Project("{E53339B2-1760-4266-BCC7-CA923CBCF16C}") = "docker-compose", "docker-compose.dcproj", "{4B54A38A-1D4B-480E-B937-1F161B14CECE}"
EndProject
Global
	GlobalSection(SolutionConfigurationPlatforms) = preSolution
		Debug|Any CPU = Debug|Any CPU
		Release|Any CPU = Release|Any CPU
	EndGlobalSection
	GlobalSection(ProjectConfigurationPlatforms) = postSolution
		{83D6D57E-EE85-4E54-8B83-05244D3384A9}.Debug|Any CPU.ActiveCfg = Debug|Any CPU
		{83D6D57E-EE85-4E54-8B83-05244D3384A9}.Debug|Any CPU.Build.0 = Debug|Any CPU
		{83D6D57E-EE85-4E54-8B83-05244D3384A9}.Release|Any CPU.ActiveCfg = Release|Any CPU
		{83D6D57E-EE85-4E54-8B83-05244D3384A9}.Release|Any CPU.Build.0 = Release|Any CPU
		{198B6AD2-7B45-4866-82BE-696BB66BEE98}.Debug|Any CPU.ActiveCfg = Debug|Any CPU
		{198B6AD2-7B45-4866-82BE-696BB66BEE98}.Debug|Any CPU.Build.0 = Debug|Any CPU
		{198B6AD2-7B45-4866-82BE-696BB66BEE98}.Release|Any CPU.ActiveCfg = Release|Any CPU
		{198B6AD2-7B45-4866-82BE-696BB66BEE98}.Release|Any CPU.Build.0 = Release|Any CPU
		{3E69D047-F4EA-4844-ADA0-FF14EBEA6E81}.Debug|Any CPU.ActiveCfg = Debug|Any CPU
		{3E69D047-F4EA-4844-ADA0-FF14EBEA6E81}.Debug|Any CPU.Build.0 = Debug|Any CPU
		{3E69D047-F4EA-4844-ADA0-FF14EBEA6E81}.Release|Any CPU.ActiveCfg = Release|Any CPU
		{3E69D047-F4EA-4844-ADA0-FF14EBEA6E81}.Release|Any CPU.Build.0 = Release|Any CPU
		{151AFA28-3069-4260-B0B3-89A9BCE10DE3}.Debug|Any CPU.ActiveCfg = Debug|Any CPU
		{151AFA28-3069-4260-B0B3-89A9BCE10DE3}.Debug|Any CPU.Build.0 = Debug|Any CPU
		{151AFA28-3069-4260-B0B3-89A9BCE10DE3}.Release|Any CPU.ActiveCfg = Release|Any CPU
		{151AFA28-3069-4260-B0B3-89A9BCE10DE3}.Release|Any CPU.Build.0 = Release|Any CPU
		{9A7814B7-8BA9-4D7E-BA2C-9F07E3C3E4E0}.Debug|Any CPU.ActiveCfg = Debug|Any CPU
		{9A7814B7-8BA9-4D7E-BA2C-9F07E3C3E4E0}.Debug|Any CPU.Build.0 = Debug|Any CPU
		{9A7814B7-8BA9-4D7E-BA2C-9F07E3C3E4E0}.Release|Any CPU.ActiveCfg = Release|Any CPU
		{9A7814B7-8BA9-4D7E-BA2C-9F07E3C3E4E0}.Release|Any CPU.Build.0 = Release|Any CPU
		{4B54A38A-1D4B-480E-B937-1F161B14CECE}.Debug|Any CPU.ActiveCfg = Debug|Any CPU
		{4B54A38A-1D4B-480E-B937-1F161B14CECE}.Debug|Any CPU.Build.0 = Debug|Any CPU
		{4B54A38A-1D4B-480E-B937-1F161B14CECE}.Release|Any CPU.ActiveCfg = Release|Any CPU
		{4B54A38A-1D4B-480E-B937-1F161B14CECE}.Release|Any CPU.Build.0 = Release|Any CPU
	EndGlobalSection
	GlobalSection(SolutionProperties) = preSolution
		HideSolutionNode = FALSE
	EndGlobalSection
	GlobalSection(ExtensibilityGlobals) = postSolution
		SolutionGuid = {B3A36918-8F6A-4DB5-9759-5477EA836065}
	EndGlobalSection
EndGlobal
